github.com/asticode/go-astikit v0.30.0/go.mod h1:h4ly7idim1tNhaVkdVBeXQZEE3L0xblP7fCWbgwipF0=
github.com/asticode/go-astikit v0.57.1 h1:fEykwH98Nny08kcRbk4uer+S8h0rKveCIpG9F6NVLuA=
github.com/asticode/go-astikit v0.57.1/go.mod h1:fV43j20UZYfXzP9oBn33udkvCvDvCDhzjVqoLFuuYZE=
github.com/asticode/go-astits v1.14.0 h1:zkgnZzipx2XX5mWycqsSBeEyDH58+i4HtyF4j2ROb00=
github.com/asticode/go-astits v1.14.0/go.mod h1:QSHmknZ51pf6KJdHKZHJTLlMegIrhega3LPWz3ND/iI=
github.com/cenkalti/dominantcolor v1.0.3 h1:Pt0vfRZ8enkZh1n22RvoboA53SMM/v2aEwNQTZKSqww=
github.com/cenkalti/dominantcolor v1.0.3/go.mod h1:mGpFMbWUnyXaGN48Zbf9bU9HJP1eCCD7dnsscb4lyR4=
github.com/davecgh/go-spew v1.1.0/go.mod h1:J7Y8YcW2NihsgmVo/mv3lAwl/skON4iLHjSsI+c5H38=
github.com/davecgh/go-spew v1.1.1 h1:vj9j/u1bqnvCEfJOwUhtlOARqs3+rkHYY13jYWTU97c=
github.com/davecgh/go-spew v1.1.1/go.mod h1:J7Y8YcW2NihsgmVo/mv3lAwl/skON4iLHjSsI+c5H38=
github.com/disgoorg/disgo v0.19.0-rc.13 h1:4NIjmFguVVZrLK9ugE9/6wsYysPbPckHko8WGArdIEQ=
github.com/disgoorg/disgo v0.19.0-rc.13/go.mod h1:14mgXzenkJqifkDmsEgU0zI1di6jNXodwX6L8geW33A=
github.com/disgoorg/json/v2 v2.0.0 h1:U16yy/ARK7/aEpzjjqK1b/KaqqGHozUdeVw/DViEzQI=
github.com/disgoorg/json/v2 v2.0.0/go.mod h1:jZTBC0nIE1WeetSEI3/Dka8g+qglb4FPVmp5I5HpEfI=
github.com/disgoorg/omit v1.0.0 h1:y0LkVUOyUHT8ZlnhIAeOZEA22UYykeysK8bLJ0SfT78=
github.com/disgoorg/omit v1.0.0/go.mod h1:RTmSARkf6PWT/UckwI0bV8XgWkWQoPppaT01rYKLcFQ=
github.com/disgoorg/snowflake/v2 v2.0.3 h1:3B+PpFjr7j4ad7oeJu4RlQ+nYOTadsKapJIzgvSI2Ro=
github.com/disgoorg/snowflake/v2 v2.0.3/go.mod h1:W6r7NUA7DwfZLwr00km6G4UnZ0zcoLBRufhkFWgAc4c=
github.com/elucid503/Overture-Play v0.0.0-20251212025804-2ae9b050a440 h1:Ib4zna1nENl3CzzbpZgmy9nnLoIFQL5zxQMy5YAq6qI=
github.com/elucid503/Overture-Play v0.0.0-20251212025804-2ae9b050a440/go.mod h1:HLgKD0bME2J3zKHGwScqoaNpckVCtuCoE1QIWrw4rxQ=
github.com/gorilla/websocket v1.5.3 h1:saDtZ6Pbx/0u+bgYQ3q96pZgCzfhKXGPqt7kZ72aNNg=
github.com/gorilla/websocket v1.5.3/go.mod h1:YR8l580nyteQvAITg2hZ9XVh4b55+EU/adAjf1fMHhE=
github.com/joho/godotenv v1.5.1 h1:7eLL/+HRGLY0ldzfGMeQkb7vMd0as4CfYvUVzLqw0N0=
github.com/joho/godotenv v1.5.1/go.mod h1:f4LDr5Voq0i2e/R5DDNOoa2zzDfwtkZa6DnEwAbqwq4=
github.com/klauspost/compress v1.18.2 h1:iiPHWW0YrcFgpBYhsA6D1+fqHssJscY/Tm/y2Uqnapk=
github.com/klauspost/compress v1.18.2/go.mod h1:R0h/fSBs8DE4ENlcrlib3PsXS61voFxhIs2DeRhCvJ4=
github.com/nareix/joy4 v0.0.0-20200507095837-05a4ffbb5369 h1:Yp0zFEufLz0H7jzffb4UPXijavlyqlYeOg7dcyVUNnQ=
github.com/nareix/joy4 v0.0.0-20200507095837-05a4ffbb5369/go.mod h1:aFJ1ZwLjvHN4yEzE5Bkz8rD8/d8Vlj3UIuvz2yfET7I=
github.com/nezbut/innertube-go v0.0.0-20250322163246-7e42a6884c2b h1:3P1AxLi9H7clEMBQs11nXwTA5nCZwo2NcIQhJ8wu5Vk=
github.com/nezbut/innertube-go v0.0.0-20250322163246-7e42a6884c2b/go.mod h1:t9TS9vxjPbSxsgEyD6q5pDinnOYVIPAeWrjuuSPct8Q=
github.com/pkg/profile v1.4.0/go.mod h1:NWz/XGvpEW1FyYQ7fCx4dqYBLlfTcE+A9FLAkNKqjFE=
github.com/pmezard/go-difflib v1.0.0 h1:4DBwDE0NGyQoBHbLQYPwSUPoCMWR5BEzIk/f1lZbAQM=
github.com/pmezard/go-difflib v1.0.0/go.mod h1:iKH77koFhYxTK1pcRnkKkqfTogsbg7gZNVY4sRDYZ/4=
github.com/sasha-s/go-csync v0.0.0-20240107134140-fcbab37b09ad h1:qIQkSlF5vAUHxEmTbaqt1hkJ/t6skqEGYiMag343ucI=
github.com/sasha-s/go-csync v0.0.0-20240107134140-fcbab37b09ad/go.mod h1:/pA7k3zsXKdjjAiUhB5CjuKib9KJGCaLvZwtxGC8U0s=
github.com/stretchr/objx v0.1.0/go.mod h1:HFkY916IF+rwdDfMAkV7OtwuqBVzrE8GR6GFx+wExME=
github.com/stretchr/testify v1.4.0/go.mod h1:j7eGeouHqKxXV5pUuKE4zz7dFj8WfuZ+81PSLYec5m4=
github.com/stretchr/testify v1.11.1 h1:7s2iGBzp5EwR7/aIZr8ao5+dra3wiQyKjjFuvgVKu7U=
github.com/stretchr/testify v1.11.1/go.mod h1:wZwfW3scLgRK+23gO65QZefKpKQRnfz6sD981Nm4B6U=
golang.org/x/crypto v0.46.0 h1:cKRW/pmt1pKAfetfu+RCEvjvZkA9RimPbh7bhFjGVBU=
golang.org/x/crypto v0.46.0/go.mod h1:Evb/oLKmMraqjZ2iQTwDwvCtJkczlDuTmdJXoZVzqU0=
golang.org/x/image v0.18.0 h1:jGzIakQa/ZXI1I0Fxvaa9W7yP25TqT6cHIHn+6CqvSQ=
golang.org/x/image v0.18.0/go.mod h1:4yyo5vMFQjVjUcVk4jEQcU9MGy/rulF5WvUILseCM2E=
golang.org/x/sys v0.39.0 h1:CvCKL8MeisomCi6qNZ+wbb0DN9E5AATixKsvNtMoMFk=
golang.org/x/sys v0.39.0/go.mod h1:OgkHotnGiDImocRcuBABYBEXf8A9a87e/uXjp9XT3ks=
gopkg.in/check.v1 v0.0.0-20161208181325-20d25e280405/go.mod h1:Co6ibVJAznAaIkqp8huTwlJQCZ016jof/cbN4VW5Yz0=
gopkg.in/yaml.v2 v2.2.2/go.mod h1:hI93XBmqTisBFMUTm0b8Fm+jr3Dg1NNxqwp+5A1VGuI=
gopkg.in/yaml.v3 v3.0.1 h1:fxVm/GzAzEWqLHuvctI91KS9hhNmmWOoWu0XTYJS7CA=
gopkg.in/yaml.v3 v3.0.1/go.mod h1:K4uyk7z7BCEPqu6E+C64Yfv1cQ7kz7rIZviUmN+EgEM=
layeh.com/gopus v0.0.0-20210501142526-1ee02d434e32 h1:/S1gOotFo2sADAIdSGk1sDq1VxetoCWr6f5nxOG0dpY=
layeh.com/gopus v0.0.0-20210501142526-1ee02d434e32/go.mod h1:yDtyzWZDFCVnva8NGtg38eH2Ns4J0D/6hD+MMeUGdF0=
